
Microsoft Visual Studio Solution File, Format Version 12.00
# Visual Studio Version 17
VisualStudioVersion = 17.0.31903.59
MinimumVisualStudioVersion = 10.0.40219.1
Project("{9A19103F-16F7-4668-BE54-9A1E7A4F7556}") = "IForgor.API", "src\IForgor.API\IForgor.API.csproj", "{214F996E-EB77-4255-9798-2070B66687AF}"
EndProject
Project("{9A19103F-16F7-4668-BE54-9A1E7A4F7556}") = "IForgor.Application", "src\IForgor.Application\IForgor.Application.csproj", "{66CC5095-4AEF-4E39-AFC7-F9FF303DB5C7}"
EndProject
Project("{9A19103F-16F7-4668-BE54-9A1E7A4F7556}") = "IForgor.Contracts", "src\IForgor.Contracts\IForgor.Contracts.csproj", "{B9CF61E8-8D58-48AB-9726-44243FEBD9E3}"
EndProject
Project("{9A19103F-16F7-4668-BE54-9A1E7A4F7556}") = "IForgor.Domain", "src\IForgor.Domain\IForgor.Domain.csproj", "{B2A158F7-6A67-47E0-863E-1EA7805695B3}"
EndProject
Project("{9A19103F-16F7-4668-BE54-9A1E7A4F7556}") = "IForgor.Infrastructure", "src\IForgor.Infrastructure\IForgor.Infrastructure.csproj", "{4F1507C7-C704-4864-BCA2-3F1E090BF302}"
EndProject
Global
	GlobalSection(SolutionConfigurationPlatforms) = preSolution
		Debug|Any CPU = Debug|Any CPU
		Release|Any CPU = Release|Any CPU
	EndGlobalSection
	GlobalSection(ProjectConfigurationPlatforms) = postSolution
		{214F996E-EB77-4255-9798-2070B66687AF}.Debug|Any CPU.ActiveCfg = Debug|Any CPU
		{214F996E-EB77-4255-9798-2070B66687AF}.Debug|Any CPU.Build.0 = Debug|Any CPU
		{214F996E-EB77-4255-9798-2070B66687AF}.Release|Any CPU.ActiveCfg = Release|Any CPU
		{214F996E-EB77-4255-9798-2070B66687AF}.Release|Any CPU.Build.0 = Release|Any CPU
		{66CC5095-4AEF-4E39-AFC7-F9FF303DB5C7}.Debug|Any CPU.ActiveCfg = Debug|Any CPU
		{66CC5095-4AEF-4E39-AFC7-F9FF303DB5C7}.Debug|Any CPU.Build.0 = Debug|Any CPU
		{66CC5095-4AEF-4E39-AFC7-F9FF303DB5C7}.Release|Any CPU.ActiveCfg = Release|Any CPU
		{66CC5095-4AEF-4E39-AFC7-F9FF303DB5C7}.Release|Any CPU.Build.0 = Release|Any CPU
		{B9CF61E8-8D58-48AB-9726-44243FEBD9E3}.Debug|Any CPU.ActiveCfg = Debug|Any CPU
		{B9CF61E8-8D58-48AB-9726-44243FEBD9E3}.Debug|Any CPU.Build.0 = Debug|Any CPU
		{B9CF61E8-8D58-48AB-9726-44243FEBD9E3}.Release|Any CPU.ActiveCfg = Release|Any CPU
		{B9CF61E8-8D58-48AB-9726-44243FEBD9E3}.Release|Any CPU.Build.0 = Release|Any CPU
		{B2A158F7-6A67-47E0-863E-1EA7805695B3}.Debug|Any CPU.ActiveCfg = Debug|Any CPU
		{B2A158F7-6A67-47E0-863E-1EA7805695B3}.Debug|Any CPU.Build.0 = Debug|Any CPU
		{B2A158F7-6A67-47E0-863E-1EA7805695B3}.Release|Any CPU.ActiveCfg = Release|Any CPU
		{B2A158F7-6A67-47E0-863E-1EA7805695B3}.Release|Any CPU.Build.0 = Release|Any CPU
		{4F1507C7-C704-4864-BCA2-3F1E090BF302}.Debug|Any CPU.ActiveCfg = Debug|Any CPU
		{4F1507C7-C704-4864-BCA2-3F1E090BF302}.Debug|Any CPU.Build.0 = Debug|Any CPU
		{4F1507C7-C704-4864-BCA2-3F1E090BF302}.Release|Any CPU.ActiveCfg = Release|Any CPU
		{4F1507C7-C704-4864-BCA2-3F1E090BF302}.Release|Any CPU.Build.0 = Release|Any CPU
	EndGlobalSection
	GlobalSection(SolutionProperties) = preSolution
		HideSolutionNode = FALSE
	EndGlobalSection
EndGlobal
